// !$*UTF8*$!
{
	archiveVersion = 1;
	classes = {
	};
	objectVersion = 56;
	objects = {

/* Begin PBXBuildFile section */
		26C4637329123D8C00B40F97 /* AppDelegate.swift in Sources */ = {isa = PBXBuildFile; fileRef = 26C4637229123D8C00B40F97 /* AppDelegate.swift */; };
		26C4637529123D8C00B40F97 /* SceneDelegate.swift in Sources */ = {isa = PBXBuildFile; fileRef = 26C4637429123D8C00B40F97 /* SceneDelegate.swift */; };
		26C4637729123D8C00B40F97 /* ViewController.swift in Sources */ = {isa = PBXBuildFile; fileRef = 26C4637629123D8C00B40F97 /* ViewController.swift */; };
		26C4637A29123D8C00B40F97 /* Main.storyboard in Resources */ = {isa = PBXBuildFile; fileRef = 26C4637829123D8C00B40F97 /* Main.storyboard */; };
		26C4637C29123D8E00B40F97 /* Assets.xcassets in Resources */ = {isa = PBXBuildFile; fileRef = 26C4637B29123D8E00B40F97 /* Assets.xcassets */; };
		26C4637F29123D8E00B40F97 /* LaunchScreen.storyboard in Resources */ = {isa = PBXBuildFile; fileRef = 26C4637D29123D8E00B40F97 /* LaunchScreen.storyboard */; };
		26C4638A29123D8E00B40F97 /* iosFirebaseProjectTests.swift in Sources */ = {isa = PBXBuildFile; fileRef = 26C4638929123D8E00B40F97 /* iosFirebaseProjectTests.swift */; };
		26C4639429123D8E00B40F97 /* iosFirebaseProjectUITests.swift in Sources */ = {isa = PBXBuildFile; fileRef = 26C4639329123D8E00B40F97 /* iosFirebaseProjectUITests.swift */; };
		26C4639629123D8F00B40F97 /* iosFirebaseProjectUITestsLaunchTests.swift in Sources */ = {isa = PBXBuildFile; fileRef = 26C4639529123D8F00B40F97 /* iosFirebaseProjectUITestsLaunchTests.swift */; };
/* End PBXBuildFile section */

/* Begin PBXContainerItemProxy section */
		26C4638629123D8E00B40F97 /* PBXContainerItemProxy */ = {
			isa = PBXContainerItemProxy;
			containerPortal = 26C4636729123D8C00B40F97 /* Project object */;
			proxyType = 1;
			remoteGlobalIDString = 26C4636E29123D8C00B40F97;
			remoteInfo = iosFirebaseProject;
		};
		26C4639029123D8E00B40F97 /* PBXContainerItemProxy */ = {
			isa = PBXContainerItemProxy;
			containerPortal = 26C4636729123D8C00B40F97 /* Project object */;
			proxyType = 1;
			remoteGlobalIDString = 26C4636E29123D8C00B40F97;
			remoteInfo = iosFirebaseProject;
		};
/* End PBXContainerItemProxy section */

/* Begin PBXFileReference section */
		26C4636F29123D8C00B40F97 /* iosFirebaseProject.app */ = {isa = PBXFileReference; explicitFileType = wrapper.application; includeInIndex = 0; path = iosFirebaseProject.app; sourceTree = BUILT_PRODUCTS_DIR; };
		26C4637229123D8C00B40F97 /* AppDelegate.swift */ = {isa = PBXFileReference; lastKnownFileType = sourcecode.swift; path = AppDelegate.swift; sourceTree = "<group>"; };
		26C4637429123D8C00B40F97 /* SceneDelegate.swift */ = {isa = PBXFileReference; lastKnownFileType = sourcecode.swift; path = SceneDelegate.swift; sourceTree = "<group>"; };
		26C4637629123D8C00B40F97 /* ViewController.swift */ = {isa = PBXFileReference; lastKnownFileType = sourcecode.swift; path = ViewController.swift; sourceTree = "<group>"; };
		26C4637929123D8C00B40F97 /* Base */ = {isa = PBXFileReference; lastKnownFileType = file.storyboard; name = Base; path = Base.lproj/Main.storyboard; sourceTree = "<group>"; };
		26C4637B29123D8E00B40F97 /* Assets.xcassets */ = {isa = PBXFileReference; lastKnownFileType = folder.assetcatalog; path = Assets.xcassets; sourceTree = "<group>"; };
		26C4637E29123D8E00B40F97 /* Base */ = {isa = PBXFileReference; lastKnownFileType = file.storyboard; name = Base; path = Base.lproj/LaunchScreen.storyboard; sourceTree = "<group>"; };
		26C4638029123D8E00B40F97 /* Info.plist */ = {isa = PBXFileReference; lastKnownFileType = text.plist.xml; path = Info.plist; sourceTree = "<group>"; };
		26C4638529123D8E00B40F97 /* iosFirebaseProjectTests.xctest */ = {isa = PBXFileReference; explicitFileType = wrapper.cfbundle; includeInIndex = 0; path = iosFirebaseProjectTests.xctest; sourceTree = BUILT_PRODUCTS_DIR; };
		26C4638929123D8E00B40F97 /* iosFirebaseProjectTests.swift */ = {isa = PBXFileReference; lastKnownFileType = sourcecode.swift; path = iosFirebaseProjectTests.swift; sourceTree = "<group>"; };
		26C4638F29123D8E00B40F97 /* iosFirebaseProjectUITests.xctest */ = {isa = PBXFileReference; explicitFileType = wrapper.cfbundle; includeInIndex = 0; path = iosFirebaseProjectUITests.xctest; sourceTree = BUILT_PRODUCTS_DIR; };
		26C4639329123D8E00B40F97 /* iosFirebaseProjectUITests.swift */ = {isa = PBXFileReference; lastKnownFileType = sourcecode.swift; path = iosFirebaseProjectUITests.swift; sourceTree = "<group>"; };
		26C4639529123D8F00B40F97 /* iosFirebaseProjectUITestsLaunchTests.swift */ = {isa = PBXFileReference; lastKnownFileType = sourcecode.swift; path = iosFirebaseProjectUITestsLaunchTests.swift; sourceTree = "<group>"; };
/* End PBXFileReference section */

/* Begin PBXFrameworksBuildPhase section */
		26C4636C29123D8C00B40F97 /* Frameworks */ = {
			isa = PBXFrameworksBuildPhase;
			buildActionMask = 2147483647;
			files = (
			);
			runOnlyForDeploymentPostprocessing = 0;
		};
		26C4638229123D8E00B40F97 /* Frameworks */ = {
			isa = PBXFrameworksBuildPhase;
			buildActionMask = 2147483647;
			files = (
			);
			runOnlyForDeploymentPostprocessing = 0;
		};
		26C4638C29123D8E00B40F97 /* Frameworks */ = {
			isa = PBXFrameworksBuildPhase;
			buildActionMask = 2147483647;
			files = (
			);
			runOnlyForDeploymentPostprocessing = 0;
		};
/* End PBXFrameworksBuildPhase section */

/* Begin PBXGroup section */
		26C4636629123D8C00B40F97 = {
			isa = PBXGroup;
			children = (
				26C4637129123D8C00B40F97 /* iosFirebaseProject */,
				26C4638829123D8E00B40F97 /* iosFirebaseProjectTests */,
				26C4639229123D8E00B40F97 /* iosFirebaseProjectUITests */,
				26C4637029123D8C00B40F97 /* Products */,
			);
			sourceTree = "<group>";
		};
		26C4637029123D8C00B40F97 /* Products */ = {
			isa = PBXGroup;
			children = (
				26C4636F29123D8C00B40F97 /* iosFirebaseProject.app */,
				26C4638529123D8E00B40F97 /* iosFirebaseProjectTests.xctest */,
				26C4638F29123D8E00B40F97 /* iosFirebaseProjectUITests.xctest */,
			);
			name = Products;
			sourceTree = "<group>";
		};
		26C4637129123D8C00B40F97 /* iosFirebaseProject */ = {
			isa = PBXGroup;
			children = (
				26C4637229123D8C00B40F97 /* AppDelegate.swift */,
				26C4637429123D8C00B40F97 /* SceneDelegate.swift */,
				26C463A229123E5800B40F97 /* viewControlles */,
				26C4637829123D8C00B40F97 /* Main.storyboard */,
				26C4637B29123D8E00B40F97 /* Assets.xcassets */,
				26C4637D29123D8E00B40F97 /* LaunchScreen.storyboard */,
				26C4638029123D8E00B40F97 /* Info.plist */,
			);
			path = iosFirebaseProject;
			sourceTree = "<group>";
		};
		26C4638829123D8E00B40F97 /* iosFirebaseProjectTests */ = {
			isa = PBXGroup;
			children = (
				26C4638929123D8E00B40F97 /* iosFirebaseProjectTests.swift */,
			);
			path = iosFirebaseProjectTests;
			sourceTree = "<group>";
		};
		26C4639229123D8E00B40F97 /* iosFirebaseProjectUITests */ = {
			isa = PBXGroup;
			children = (
				26C4639329123D8E00B40F97 /* iosFirebaseProjectUITests.swift */,
				26C4639529123D8F00B40F97 /* iosFirebaseProjectUITestsLaunchTests.swift */,
			);
			path = iosFirebaseProjectUITests;
			sourceTree = "<group>";
		};
		26C463A229123E5800B40F97 /* viewControlles */ = {
			isa = PBXGroup;
			children = (
				26C4637629123D8C00B40F97 /* ViewController.swift */,
			);
			path = viewControlles;
			sourceTree = "<group>";
		};
/* End PBXGroup section */

/* Begin PBXNativeTarget section */
		26C4636E29123D8C00B40F97 /* iosFirebaseProject */ = {
			isa = PBXNativeTarget;
			buildConfigurationList = 26C4639929123D8F00B40F97 /* Build configuration list for PBXNativeTarget "iosFirebaseProject" */;
			buildPhases = (
				26C4636B29123D8C00B40F97 /* Sources */,
				26C4636C29123D8C00B40F97 /* Frameworks */,
				26C4636D29123D8C00B40F97 /* Resources */,
			);
			buildRules = (
			);
			dependencies = (
			);
			name = iosFirebaseProject;
			productName = iosFirebaseProject;
			productReference = 26C4636F29123D8C00B40F97 /* iosFirebaseProject.app */;
			productType = "com.apple.product-type.application";
		};
		26C4638429123D8E00B40F97 /* iosFirebaseProjectTests */ = {
			isa = PBXNativeTarget;
			buildConfigurationList = 26C4639C29123D8F00B40F97 /* Build configuration list for PBXNativeTarget "iosFirebaseProjectTests" */;
			buildPhases = (
				26C4638129123D8E00B40F97 /* Sources */,
				26C4638229123D8E00B40F97 /* Frameworks */,
				26C4638329123D8E00B40F97 /* Resources */,
			);
			buildRules = (
			);
			dependencies = (
				26C4638729123D8E00B40F97 /* PBXTargetDependency */,
			);
			name = iosFirebaseProjectTests;
			productName = iosFirebaseProjectTests;
			productReference = 26C4638529123D8E00B40F97 /* iosFirebaseProjectTests.xctest */;
			productType = "com.apple.product-type.bundle.unit-test";
		};
		26C4638E29123D8E00B40F97 /* iosFirebaseProjectUITests */ = {
			isa = PBXNativeTarget;
			buildConfigurationList = 26C4639F29123D8F00B40F97 /* Build configuration list for PBXNativeTarget "iosFirebaseProjectUITests" */;
			buildPhases = (
				26C4638B29123D8E00B40F97 /* Sources */,
				26C4638C29123D8E00B40F97 /* Frameworks */,
				26C4638D29123D8E00B40F97 /* Resources */,
			);
			buildRules = (
			);
			dependencies = (
				26C4639129123D8E00B40F97 /* PBXTargetDependency */,
			);
			name = iosFirebaseProjectUITests;
			productName = iosFirebaseProjectUITests;
			productReference = 26C4638F29123D8E00B40F97 /* iosFirebaseProjectUITests.xctest */;
			productType = "com.apple.product-type.bundle.ui-testing";
		};
/* End PBXNativeTarget section */

/* Begin PBXProject section */
		26C4636729123D8C00B40F97 /* Project object */ = {
			isa = PBXProject;
			attributes = {
				BuildIndependentTargetsInParallel = 1;
				LastSwiftUpdateCheck = 1400;
				LastUpgradeCheck = 1400;
				TargetAttributes = {
					26C4636E29123D8C00B40F97 = {
						CreatedOnToolsVersion = 14.0.1;
					};
					26C4638429123D8E00B40F97 = {
						CreatedOnToolsVersion = 14.0.1;
						TestTargetID = 26C4636E29123D8C00B40F97;
					};
					26C4638E29123D8E00B40F97 = {
						CreatedOnToolsVersion = 14.0.1;
						TestTargetID = 26C4636E29123D8C00B40F97;
					};
				};
			};
			buildConfigurationList = 26C4636A29123D8C00B40F97 /* Build configuration list for PBXProject "iosFirebaseProject" */;
			compatibilityVersion = "Xcode 14.0";
			developmentRegion = en;
			hasScannedForEncodings = 0;
			knownRegions = (
				en,
				Base,
			);
			mainGroup = 26C4636629123D8C00B40F97;
			productRefGroup = 26C4637029123D8C00B40F97 /* Products */;
			projectDirPath = "";
			projectRoot = "";
			targets = (
				26C4636E29123D8C00B40F97 /* iosFirebaseProject */,
				26C4638429123D8E00B40F97 /* iosFirebaseProjectTests */,
				26C4638E29123D8E00B40F97 /* iosFirebaseProjectUITests */,
			);
		};
/* End PBXProject section */

/* Begin PBXResourcesBuildPhase section */
		26C4636D29123D8C00B40F97 /* Resources */ = {
			isa = PBXResourcesBuildPhase;
			buildActionMask = 2147483647;
			files = (
				26C4637F29123D8E00B40F97 /* LaunchScreen.storyboard in Resources */,
				26C4637C29123D8E00B40F97 /* Assets.xcassets in Resources */,
				26C4637A29123D8C00B40F97 /* Main.storyboard in Resources */,
			);
			runOnlyForDeploymentPostprocessing = 0;
		};
		26C4638329123D8E00B40F97 /* Resources */ = {
			isa = PBXResourcesBuildPhase;
			buildActionMask = 2147483647;
			files = (
			);
			runOnlyForDeploymentPostprocessing = 0;
		};
		26C4638D29123D8E00B40F97 /* Resources */ = {
			isa = PBXResourcesBuildPhase;
			buildActionMask = 2147483647;
			files = (
			);
			runOnlyForDeploymentPostprocessing = 0;
		};
/* End PBXResourcesBuildPhase section */

/* Begin PBXSourcesBuildPhase section */
		26C4636B29123D8C00B40F97 /* Sources */ = {
			isa = PBXSourcesBuildPhase;
			buildActionMask = 2147483647;
			files = (
				26C4637729123D8C00B40F97 /* ViewController.swift in Sources */,
				26C4637329123D8C00B40F97 /* AppDelegate.swift in Sources */,
				26C4637529123D8C00B40F97 /* SceneDelegate.swift in Sources */,
			);
			runOnlyForDeploymentPostprocessing = 0;
		};
		26C4638129123D8E00B40F97 /* Sources */ = {
			isa = PBXSourcesBuildPhase;
			buildActionMask = 2147483647;
			files = (
				26C4638A29123D8E00B40F97 /* iosFirebaseProjectTests.swift in Sources */,
			);
			runOnlyForDeploymentPostprocessing = 0;
		};
		26C4638B29123D8E00B40F97 /* Sources */ = {
			isa = PBXSourcesBuildPhase;
			buildActionMask = 2147483647;
			files = (
				26C4639429123D8E00B40F97 /* iosFirebaseProjectUITests.swift in Sources */,
				26C4639629123D8F00B40F97 /* iosFirebaseProjectUITestsLaunchTests.swift in Sources */,
			);
			runOnlyForDeploymentPostprocessing = 0;
		};
/* End PBXSourcesBuildPhase section */

/* Begin PBXTargetDependency section */
		26C4638729123D8E00B40F97 /* PBXTargetDependency */ = {
			isa = PBXTargetDependency;
			target = 26C4636E29123D8C00B40F97 /* iosFirebaseProject */;
			targetProxy = 26C4638629123D8E00B40F97 /* PBXContainerItemProxy */;
		};
		26C4639129123D8E00B40F97 /* PBXTargetDependency */ = {
			isa = PBXTargetDependency;
			target = 26C4636E29123D8C00B40F97 /* iosFirebaseProject */;
			targetProxy = 26C4639029123D8E00B40F97 /* PBXContainerItemProxy */;
		};
/* End PBXTargetDependency section */

/* Begin PBXVariantGroup section */
		26C4637829123D8C00B40F97 /* Main.storyboard */ = {
			isa = PBXVariantGroup;
			children = (
				26C4637929123D8C00B40F97 /* Base */,
			);
			name = Main.storyboard;
			sourceTree = "<group>";
		};
		26C4637D29123D8E00B40F97 /* LaunchScreen.storyboard */ = {
			isa = PBXVariantGroup;
			children = (
				26C4637E29123D8E00B40F97 /* Base */,
			);
			name = LaunchScreen.storyboard;
			sourceTree = "<group>";
		};
/* End PBXVariantGroup section */

/* Begin XCBuildConfiguration section */
		26C4639729123D8F00B40F97 /* Debug */ = {
			isa = XCBuildConfiguration;
			buildSettings = {
				ALWAYS_SEARCH_USER_PATHS = NO;
				CLANG_ANALYZER_NONNULL = YES;
				CLANG_ANALYZER_NUMBER_OBJECT_CONVERSION = YES_AGGRESSIVE;
				CLANG_CXX_LANGUAGE_STANDARD = "gnu++20";
				CLANG_ENABLE_MODULES = YES;
				CLANG_ENABLE_OBJC_ARC = YES;
				CLANG_ENABLE_OBJC_WEAK = YES;
				CLANG_WARN_BLOCK_CAPTURE_AUTORELEASING = YES;
				CLANG_WARN_BOOL_CONVERSION = YES;
				CLANG_WARN_COMMA = YES;
				CLANG_WARN_CONSTANT_CONVERSION = YES;
				CLANG_WARN_DEPRECATED_OBJC_IMPLEMENTATIONS = YES;
				CLANG_WARN_DIRECT_OBJC_ISA_USAGE = YES_ERROR;
				CLANG_WARN_DOCUMENTATION_COMMENTS = YES;
				CLANG_WARN_EMPTY_BODY = YES;
				CLANG_WARN_ENUM_CONVERSION = YES;
				CLANG_WARN_INFINITE_RECURSION = YES;
				CLANG_WARN_INT_CONVERSION = YES;
				CLANG_WARN_NON_LITERAL_NULL_CONVERSION = YES;
				CLANG_WARN_OBJC_IMPLICIT_RETAIN_SELF = YES;
				CLANG_WARN_OBJC_LITERAL_CONVERSION = YES;
				CLANG_WARN_OBJC_ROOT_CLASS = YES_ERROR;
				CLANG_WARN_QUOTED_INCLUDE_IN_FRAMEWORK_HEADER = YES;
				CLANG_WARN_RANGE_LOOP_ANALYSIS = YES;
				CLANG_WARN_STRICT_PROTOTYPES = YES;
				CLANG_WARN_SUSPICIOUS_MOVE = YES;
				CLANG_WARN_UNGUARDED_AVAILABILITY = YES_AGGRESSIVE;
				CLANG_WARN_UNREACHABLE_CODE = YES;
				CLANG_WARN__DUPLICATE_METHOD_MATCH = YES;
				COPY_PHASE_STRIP = NO;
				DEBUG_INFORMATION_FORMAT = dwarf;
				ENABLE_STRICT_OBJC_MSGSEND = YES;
				ENABLE_TESTABILITY = YES;
				GCC_C_LANGUAGE_STANDARD = gnu11;
				GCC_DYNAMIC_NO_PIC = NO;
				GCC_NO_COMMON_BLOCKS = YES;
				GCC_OPTIMIZATION_LEVEL = 0;
				GCC_PREPROCESSOR_DEFINITIONS = (
					"DEBUG=1",
					"$(inherited)",
				);
				GCC_WARN_64_TO_32_BIT_CONVERSION = YES;
				GCC_WARN_ABOUT_RETURN_TYPE = YES_ERROR;
				GCC_WARN_UNDECLARED_SELECTOR = YES;
				GCC_WARN_UNINITIALIZED_AUTOS = YES_AGGRESSIVE;
				GCC_WARN_UNUSED_FUNCTION = YES;
				GCC_WARN_UNUSED_VARIABLE = YES;
				IPHONEOS_DEPLOYMENT_TARGET = 16.0;
				MTL_ENABLE_DEBUG_INFO = INCLUDE_SOURCE;
				MTL_FAST_MATH = YES;
				ONLY_ACTIVE_ARCH = YES;
				SDKROOT = iphoneos;
				SWIFT_ACTIVE_COMPILATION_CONDITIONS = DEBUG;
				SWIFT_OPTIMIZATION_LEVEL = "-Onone";
			};
			name = Debug;
		};
		26C4639829123D8F00B40F97 /* Release */ = {
			isa = XCBuildConfiguration;
			buildSettings = {
				ALWAYS_SEARCH_USER_PATHS = NO;
				CLANG_ANALYZER_NONNULL = YES;
				CLANG_ANALYZER_NUMBER_OBJECT_CONVERSION = YES_AGGRESSIVE;
				CLANG_CXX_LANGUAGE_STANDARD = "gnu++20";
				CLANG_ENABLE_MODULES = YES;
				CLANG_ENABLE_OBJC_ARC = YES;
				CLANG_ENABLE_OBJC_WEAK = YES;
				CLANG_WARN_BLOCK_CAPTURE_AUTORELEASING = YES;
				CLANG_WARN_BOOL_CONVERSION = YES;
				CLANG_WARN_COMMA = YES;
				CLANG_WARN_CONSTANT_CONVERSION = YES;
				CLANG_WARN_DEPRECATED_OBJC_IMPLEMENTATIONS = YES;
				CLANG_WARN_DIRECT_OBJC_ISA_USAGE = YES_ERROR;
				CLANG_WARN_DOCUMENTATION_COMMENTS = YES;
				CLANG_WARN_EMPTY_BODY = YES;
				CLANG_WARN_ENUM_CONVERSION = YES;
				CLANG_WARN_INFINITE_RECURSION = YES;
				CLANG_WARN_INT_CONVERSION = YES;
				CLANG_WARN_NON_LITERAL_NULL_CONVERSION = YES;
				CLANG_WARN_OBJC_IMPLICIT_RETAIN_SELF = YES;
				CLANG_WARN_OBJC_LITERAL_CONVERSION = YES;
				CLANG_WARN_OBJC_ROOT_CLASS = YES_ERROR;
				CLANG_WARN_QUOTED_INCLUDE_IN_FRAMEWORK_HEADER = YES;
				CLANG_WARN_RANGE_LOOP_ANALYSIS = YES;
				CLANG_WARN_STRICT_PROTOTYPES = YES;
				CLANG_WARN_SUSPICIOUS_MOVE = YES;
				CLANG_WARN_UNGUARDED_AVAILABILITY = YES_AGGRESSIVE;
				CLANG_WARN_UNREACHABLE_CODE = YES;
				CLANG_WARN__DUPLICATE_METHOD_MATCH = YES;
				COPY_PHASE_STRIP = NO;
				DEBUG_INFORMATION_FORMAT = "dwarf-with-dsym";
				ENABLE_NS_ASSERTIONS = NO;
				ENABLE_STRICT_OBJC_MSGSEND = YES;
				GCC_C_LANGUAGE_STANDARD = gnu11;
				GCC_NO_COMMON_BLOCKS = YES;
				GCC_WARN_64_TO_32_BIT_CONVERSION = YES;
				GCC_WARN_ABOUT_RETURN_TYPE = YES_ERROR;
				GCC_WARN_UNDECLARED_SELECTOR = YES;
				GCC_WARN_UNINITIALIZED_AUTOS = YES_AGGRESSIVE;
				GCC_WARN_UNUSED_FUNCTION = YES;
				GCC_WARN_UNUSED_VARIABLE = YES;
				IPHONEOS_DEPLOYMENT_TARGET = 16.0;
				MTL_ENABLE_DEBUG_INFO = NO;
				MTL_FAST_MATH = YES;
				SDKROOT = iphoneos;
				SWIFT_COMPILATION_MODE = wholemodule;
				SWIFT_OPTIMIZATION_LEVEL = "-O";
				VALIDATE_PRODUCT = YES;
			};
			name = Release;
		};
		26C4639A29123D8F00B40F97 /* Debug */ = {
			isa = XCBuildConfiguration;
			buildSettings = {
				ASSETCATALOG_COMPILER_APPICON_NAME = AppIcon;
				ASSETCATALOG_COMPILER_GLOBAL_ACCENT_COLOR_NAME = AccentColor;
				CODE_SIGN_STYLE = Automatic;
				CURRENT_PROJECT_VERSION = 1;
				GENERATE_INFOPLIST_FILE = YES;
				INFOPLIST_FILE = iosFirebaseProject/Info.plist;
				INFOPLIST_KEY_UIApplicationSupportsIndirectInputEvents = YES;
				INFOPLIST_KEY_UILaunchStoryboardName = LaunchScreen;
				INFOPLIST_KEY_UIMainStoryboardFile = Main;
				INFOPLIST_KEY_UISupportedInterfaceOrientations = UIInterfaceOrientationPortrait;
				LD_RUNPATH_SEARCH_PATHS = (
					"$(inherited)",
					"@executable_path/Frameworks",
				);
				MARKETING_VERSION = 1.0;
				PRODUCT_BUNDLE_IDENTIFIER = com.akhilsurendran.iosFirebaseProject;
				PRODUCT_NAME = "$(TARGET_NAME)";
				SWIFT_EMIT_LOC_STRINGS = YES;
				SWIFT_VERSION = 5.0;
				TARGETED_DEVICE_FAMILY = "1,2";
			};
			name = Debug;
		};
		26C4639B29123D8F00B40F97 /* Release */ = {
			isa = XCBuildConfiguration;
			buildSettings = {
				ASSETCATALOG_COMPILER_APPICON_NAME = AppIcon;
				ASSETCATALOG_COMPILER_GLOBAL_ACCENT_COLOR_NAME = AccentColor;
				CODE_SIGN_STYLE = Automatic;
				CURRENT_PROJECT_VERSION = 1;
				GENERATE_INFOPLIST_FILE = YES;
				INFOPLIST_FILE = iosFirebaseProject/Info.plist;
				INFOPLIST_KEY_UIApplicationSupportsIndirectInputEvents = YES;
				INFOPLIST_KEY_UILaunchStoryboardName = LaunchScreen;
				INFOPLIST_KEY_UIMainStoryboardFile = Main;
				INFOPLIST_KEY_UISupportedInterfaceOrientations = UIInterfaceOrientationPortrait;
				LD_RUNPATH_SEARCH_PATHS = (
					"$(inherited)",
					"@executable_path/Frameworks",
				);
				MARKETING_VERSION = 1.0;
				PRODUCT_BUNDLE_IDENTIFIER = com.akhilsurendran.iosFirebaseProject;
				PRODUCT_NAME = "$(TARGET_NAME)";
				SWIFT_EMIT_LOC_STRINGS = YES;
				SWIFT_VERSION = 5.0;
				TARGETED_DEVICE_FAMILY = "1,2";
			};
			name = Release;
		};
		26C4639D29123D8F00B40F97 /* Debug */ = {
			isa = XCBuildConfiguration;
			buildSettings = {
				ALWAYS_EMBED_SWIFT_STANDARD_LIBRARIES = YES;
				BUNDLE_LOADER = "$(TEST_HOST)";
				CODE_SIGN_STYLE = Automatic;
				CURRENT_PROJECT_VERSION = 1;
				GENERATE_INFOPLIST_FILE = YES;
				IPHONEOS_DEPLOYMENT_TARGET = 16.0;
				MARKETING_VERSION = 1.0;
				PRODUCT_BUNDLE_IDENTIFIER = com.akhilsurendran.iosFirebaseProjectTests;
				PRODUCT_NAME = "$(TARGET_NAME)";
				SWIFT_EMIT_LOC_STRINGS = NO;
				SWIFT_VERSION = 5.0;
				TARGETED_DEVICE_FAMILY = "1,2";
				TEST_HOST = "$(BUILT_PRODUCTS_DIR)/iosFirebaseProject.app/$(BUNDLE_EXECUTABLE_FOLDER_PATH)/iosFirebaseProject";
			};
			name = Debug;
		};
		26C4639E29123D8F00B40F97 /* Release */ = {
			isa = XCBuildConfiguration;
			buildSettings = {
				ALWAYS_EMBED_SWIFT_STANDARD_LIBRARIES = YES;
				BUNDLE_LOADER = "$(TEST_HOST)";
				CODE_SIGN_STYLE = Automatic;
				CURRENT_PROJECT_VERSION = 1;
				GENERATE_INFOPLIST_FILE = YES;
				IPHONEOS_DEPLOYMENT_TARGET = 16.0;
				MARKETING_VERSION = 1.0;
				PRODUCT_BUNDLE_IDENTIFIER = com.akhilsurendran.iosFirebaseProjectTests;
				PRODUCT_NAME = "$(TARGET_NAME)";
				SWIFT_EMIT_LOC_STRINGS = NO;
				SWIFT_VERSION = 5.0;
				TARGETED_DEVICE_FAMILY = "1,2";
				TEST_HOST = "$(BUILT_PRODUCTS_DIR)/iosFirebaseProject.app/$(BUNDLE_EXECUTABLE_FOLDER_PATH)/iosFirebaseProject";
			};
			name = Release;
		};
		26C463A029123D8F00B40F97 /* Debug */ = {
			isa = XCBuildConfiguration;
			buildSettings = {
				ALWAYS_EMBED_SWIFT_STANDARD_LIBRARIES = YES;
				CODE_SIGN_STYLE = Automatic;
				CURRENT_PROJECT_VERSION = 1;
				GENERATE_INFOPLIST_FILE = YES;
				MARKETING_VERSION = 1.0;
				PRODUCT_BUNDLE_IDENTIFIER = com.akhilsurendran.iosFirebaseProjectUITests;
				PRODUCT_NAME = "$(TARGET_NAME)";
				SWIFT_EMIT_LOC_STRINGS = NO;
				SWIFT_VERSION = 5.0;
				TARGETED_DEVICE_FAMILY = "1,2";
				TEST_TARGET_NAME = iosFirebaseProject;
			};
			name = Debug;
		};
		26C463A129123D8F00B40F97 /* Release */ = {
			isa = XCBuildConfiguration;
			buildSettings = {
				ALWAYS_EMBED_SWIFT_STANDARD_LIBRARIES = YES;
				CODE_SIGN_STYLE = Automatic;
				CURRENT_PROJECT_VERSION = 1;
				GENERATE_INFOPLIST_FILE = YES;
				MARKETING_VERSION = 1.0;
				PRODUCT_BUNDLE_IDENTIFIER = com.akhilsurendran.iosFirebaseProjectUITests;
				PRODUCT_NAME = "$(TARGET_NAME)";
				SWIFT_EMIT_LOC_STRINGS = NO;
				SWIFT_VERSION = 5.0;
				TARGETED_DEVICE_FAMILY = "1,2";
				TEST_TARGET_NAME = iosFirebaseProject;
			};
			name = Release;
		};
/* End XCBuildConfiguration section */

/* Begin XCConfigurationList section */
		26C4636A29123D8C00B40F97 /* Build configuration list for PBXProject "iosFirebaseProject" */ = {
			isa = XCConfigurationList;
			buildConfigurations = (
				26C4639729123D8F00B40F97 /* Debug */,
				26C4639829123D8F00B40F97 /* Release */,
			);
			defaultConfigurationIsVisible = 0;
			defaultConfigurationName = Release;
		};
		26C4639929123D8F00B40F97 /* Build configuration list for PBXNativeTarget "iosFirebaseProject" */ = {
			isa = XCConfigurationList;
			buildConfigurations = (
				26C4639A29123D8F00B40F97 /* Debug */,
				26C4639B29123D8F00B40F97 /* Release */,
			);
			defaultConfigurationIsVisible = 0;
			defaultConfigurationName = Release;
		};
		26C4639C29123D8F00B40F97 /* Build configuration list for PBXNativeTarget "iosFirebaseProjectTests" */ = {
			isa = XCConfigurationList;
			buildConfigurations = (
				26C4639D29123D8F00B40F97 /* Debug */,
				26C4639E29123D8F00B40F97 /* Release */,
			);
			defaultConfigurationIsVisible = 0;
			defaultConfigurationName = Release;
		};
		26C4639F29123D8F00B40F97 /* Build configuration list for PBXNativeTarget "iosFirebaseProjectUITests" */ = {
			isa = XCConfigurationList;
			buildConfigurations = (
				26C463A029123D8F00B40F97 /* Debug */,
				26C463A129123D8F00B40F97 /* Release */,
			);
			defaultConfigurationIsVisible = 0;
			defaultConfigurationName = Release;
		};
/* End XCConfigurationList section */
	};
	rootObject = 26C4636729123D8C00B40F97 /* Project object */;
}
